
Microsoft Visual Studio Solution File, Format Version 12.00
# Visual Studio Version 18
VisualStudioVersion = 18.0.11222.15 d18.0
MinimumVisualStudioVersion = 10.0.40219.1
Project("{FAE04EC0-301F-11D3-BF4B-00C04F79EFBC}") = "DBdriver", "DBdriver\DBdriver.csproj", "{53AB41A4-00FF-4DE0-B712-BD87550AA840}"
EndProject
Project("{FAE04EC0-301F-11D3-BF4B-00C04F79EFBC}") = "TestDBdriver", "TestDBdriver\TestDBdriver.csproj", "{3D11AB64-8401-4436-AD1E-BF061ADDEF85}"
EndProject
Global
	GlobalSection(SolutionConfigurationPlatforms) = preSolution
		Debug|Any CPU = Debug|Any CPU
		Debug|x64 = Debug|x64
		Release|Any CPU = Release|Any CPU
		Release|x64 = Release|x64
	EndGlobalSection
	GlobalSection(ProjectConfigurationPlatforms) = postSolution
		{53AB41A4-00FF-4DE0-B712-BD87550AA840}.Debug|Any CPU.ActiveCfg = Debug|Any CPU
		{53AB41A4-00FF-4DE0-B712-BD87550AA840}.Debug|Any CPU.Build.0 = Debug|Any CPU
		{53AB41A4-00FF-4DE0-B712-BD87550AA840}.Debug|x64.ActiveCfg = Debug|x64
		{53AB41A4-00FF-4DE0-B712-BD87550AA840}.Debug|x64.Build.0 = Debug|x64
		{53AB41A4-00FF-4DE0-B712-BD87550AA840}.Release|Any CPU.ActiveCfg = Release|Any CPU
		{53AB41A4-00FF-4DE0-B712-BD87550AA840}.Release|Any CPU.Build.0 = Release|Any CPU
		{53AB41A4-00FF-4DE0-B712-BD87550AA840}.Release|x64.ActiveCfg = Release|x64
		{53AB41A4-00FF-4DE0-B712-BD87550AA840}.Release|x64.Build.0 = Release|x64
		{3D11AB64-8401-4436-AD1E-BF061ADDEF85}.Debug|Any CPU.ActiveCfg = Debug|Any CPU
		{3D11AB64-8401-4436-AD1E-BF061ADDEF85}.Debug|Any CPU.Build.0 = Debug|Any CPU
		{3D11AB64-8401-4436-AD1E-BF061ADDEF85}.Debug|x64.ActiveCfg = Debug|Any CPU
		{3D11AB64-8401-4436-AD1E-BF061ADDEF85}.Debug|x64.Build.0 = Debug|Any CPU
		{3D11AB64-8401-4436-AD1E-BF061ADDEF85}.Release|Any CPU.ActiveCfg = Release|Any CPU
		{3D11AB64-8401-4436-AD1E-BF061ADDEF85}.Release|Any CPU.Build.0 = Release|Any CPU
		{3D11AB64-8401-4436-AD1E-BF061ADDEF85}.Release|x64.ActiveCfg = Release|Any CPU
		{3D11AB64-8401-4436-AD1E-BF061ADDEF85}.Release|x64.Build.0 = Release|Any CPU
	EndGlobalSection
	GlobalSection(SolutionProperties) = preSolution
		HideSolutionNode = FALSE
	EndGlobalSection
	GlobalSection(ExtensibilityGlobals) = postSolution
		SolutionGuid = {2698ED33-6951-4CF6-939A-EC8004591174}
	EndGlobalSection
EndGlobal
